// !$*UTF8*$!
{
	archiveVersion = 1;
	classes = {
	};
	objectVersion = 46;
	objects = {

/* Begin PBXBuildFile section */
		8402822A1EAE5DDC00B03BC9 /* BTDevice.swift in Sources */ = {isa = PBXBuildFile; fileRef = 840282291EAE5DDC00B03BC9 /* BTDevice.swift */; };
		8412CF601E9BDD680071F13D /* AppDelegate.swift in Sources */ = {isa = PBXBuildFile; fileRef = 8412CF5F1E9BDD680071F13D /* AppDelegate.swift */; };
		8412CF621E9BDD680071F13D /* MainViewController.swift in Sources */ = {isa = PBXBuildFile; fileRef = 8412CF611E9BDD680071F13D /* MainViewController.swift */; };
		8412CF651E9BDD680071F13D /* Main.storyboard in Resources */ = {isa = PBXBuildFile; fileRef = 8412CF631E9BDD680071F13D /* Main.storyboard */; };
		8412CF671E9BDD680071F13D /* Assets.xcassets in Resources */ = {isa = PBXBuildFile; fileRef = 8412CF661E9BDD680071F13D /* Assets.xcassets */; };
		8412CF6A1E9BDD680071F13D /* LaunchScreen.storyboard in Resources */ = {isa = PBXBuildFile; fileRef = 8412CF681E9BDD680071F13D /* LaunchScreen.storyboard */; };
		846640601E9BE185006AC43C /* CoreBluetooth.framework in Frameworks */ = {isa = PBXBuildFile; fileRef = 8466405F1E9BE185006AC43C /* CoreBluetooth.framework */; };
		846640621E9BE1EA006AC43C /* ScanTableViewController.swift in Sources */ = {isa = PBXBuildFile; fileRef = 846640611E9BE1EA006AC43C /* ScanTableViewController.swift */; };
		846640641E9BE441006AC43C /* ScanTableViewCell.swift in Sources */ = {isa = PBXBuildFile; fileRef = 846640631E9BE441006AC43C /* ScanTableViewCell.swift */; };
/* End PBXBuildFile section */

/* Begin PBXFileReference section */
		840282291EAE5DDC00B03BC9 /* BTDevice.swift */ = {isa = PBXFileReference; fileEncoding = 4; lastKnownFileType = sourcecode.swift; path = BTDevice.swift; sourceTree = "<group>"; };
		8412CF5C1E9BDD680071F13D /* Bluetooth-Scanner.app */ = {isa = PBXFileReference; explicitFileType = wrapper.application; includeInIndex = 0; path = "Bluetooth-Scanner.app"; sourceTree = BUILT_PRODUCTS_DIR; };
		8412CF5F1E9BDD680071F13D /* AppDelegate.swift */ = {isa = PBXFileReference; lastKnownFileType = sourcecode.swift; path = AppDelegate.swift; sourceTree = "<group>"; };
		8412CF611E9BDD680071F13D /* MainViewController.swift */ = {isa = PBXFileReference; lastKnownFileType = sourcecode.swift; path = MainViewController.swift; sourceTree = "<group>"; };
		8412CF641E9BDD680071F13D /* Base */ = {isa = PBXFileReference; lastKnownFileType = file.storyboard; name = Base; path = Base.lproj/Main.storyboard; sourceTree = "<group>"; };
		8412CF661E9BDD680071F13D /* Assets.xcassets */ = {isa = PBXFileReference; lastKnownFileType = folder.assetcatalog; path = Assets.xcassets; sourceTree = "<group>"; };
		8412CF691E9BDD680071F13D /* Base */ = {isa = PBXFileReference; lastKnownFileType = file.storyboard; name = Base; path = Base.lproj/LaunchScreen.storyboard; sourceTree = "<group>"; };
		8412CF6B1E9BDD680071F13D /* Info.plist */ = {isa = PBXFileReference; lastKnownFileType = text.plist.xml; path = Info.plist; sourceTree = "<group>"; };
		8466405F1E9BE185006AC43C /* CoreBluetooth.framework */ = {isa = PBXFileReference; lastKnownFileType = wrapper.framework; name = CoreBluetooth.framework; path = System/Library/Frameworks/CoreBluetooth.framework; sourceTree = SDKROOT; };
		846640611E9BE1EA006AC43C /* ScanTableViewController.swift */ = {isa = PBXFileReference; fileEncoding = 4; lastKnownFileType = sourcecode.swift; path = ScanTableViewController.swift; sourceTree = "<group>"; };
		846640631E9BE441006AC43C /* ScanTableViewCell.swift */ = {isa = PBXFileReference; fileEncoding = 4; lastKnownFileType = sourcecode.swift; path = ScanTableViewCell.swift; sourceTree = "<group>"; };
/* End PBXFileReference section */

/* Begin PBXFrameworksBuildPhase section */
		8412CF591E9BDD680071F13D /* Frameworks */ = {
			isa = PBXFrameworksBuildPhase;
			buildActionMask = 2147483647;
			files = (
				846640601E9BE185006AC43C /* CoreBluetooth.framework in Frameworks */,
			);
			runOnlyForDeploymentPostprocessing = 0;
		};
/* End PBXFrameworksBuildPhase section */

/* Begin PBXGroup section */
		8412CF531E9BDD680071F13D = {
			isa = PBXGroup;
			children = (
				8412CF5E1E9BDD680071F13D /* Bluetooth-Scanner */,
				8412CF5D1E9BDD680071F13D /* Products */,
				8466405E1E9BE185006AC43C /* Frameworks */,
			);
			sourceTree = "<group>";
		};
		8412CF5D1E9BDD680071F13D /* Products */ = {
			isa = PBXGroup;
			children = (
				8412CF5C1E9BDD680071F13D /* Bluetooth-Scanner.app */,
			);
			name = Products;
			sourceTree = "<group>";
		};
		8412CF5E1E9BDD680071F13D /* Bluetooth-Scanner */ = {
			isa = PBXGroup;
			children = (
				8412CF5F1E9BDD680071F13D /* AppDelegate.swift */,
				8412CF611E9BDD680071F13D /* MainViewController.swift */,
				8412CF631E9BDD680071F13D /* Main.storyboard */,
				8412CF661E9BDD680071F13D /* Assets.xcassets */,
				8412CF681E9BDD680071F13D /* LaunchScreen.storyboard */,
				8412CF6B1E9BDD680071F13D /* Info.plist */,
				846640611E9BE1EA006AC43C /* ScanTableViewController.swift */,
				846640631E9BE441006AC43C /* ScanTableViewCell.swift */,
				840282291EAE5DDC00B03BC9 /* BTDevice.swift */,
			);
			path = "Bluetooth-Scanner";
			sourceTree = "<group>";
		};
		8466405E1E9BE185006AC43C /* Frameworks */ = {
			isa = PBXGroup;
			children = (
				8466405F1E9BE185006AC43C /* CoreBluetooth.framework */,
			);
			name = Frameworks;
			sourceTree = "<group>";
		};
/* End PBXGroup section */

/* Begin PBXNativeTarget section */
		8412CF5B1E9BDD680071F13D /* Bluetooth-Scanner */ = {
			isa = PBXNativeTarget;
			buildConfigurationList = 8412CF6E1E9BDD680071F13D /* Build configuration list for PBXNativeTarget "Bluetooth-Scanner" */;
			buildPhases = (
				8412CF581E9BDD680071F13D /* Sources */,
				8412CF591E9BDD680071F13D /* Frameworks */,
				8412CF5A1E9BDD680071F13D /* Resources */,
			);
			buildRules = (
			);
			dependencies = (
			);
			name = "Bluetooth-Scanner";
			productName = "Bluetooth-Scanner";
			productReference = 8412CF5C1E9BDD680071F13D /* Bluetooth-Scanner.app */;
			productType = "com.apple.product-type.application";
		};
/* End PBXNativeTarget section */

/* Begin PBXProject section */
		8412CF541E9BDD680071F13D /* Project object */ = {
			isa = PBXProject;
			attributes = {
				LastSwiftUpdateCheck = 0820;
				LastUpgradeCheck = 0820;
				ORGANIZATIONNAME = DHBW;
				TargetAttributes = {
					8412CF5B1E9BDD680071F13D = {
						CreatedOnToolsVersion = 8.2.1;
						DevelopmentTeam = 6EQCYJGYNN;
						ProvisioningStyle = Automatic;
					};
				};
			};
			buildConfigurationList = 8412CF571E9BDD680071F13D /* Build configuration list for PBXProject "Bluetooth-Scanner" */;
			compatibilityVersion = "Xcode 3.2";
			developmentRegion = English;
			hasScannedForEncodings = 0;
			knownRegions = (
				en,
				Base,
			);
			mainGroup = 8412CF531E9BDD680071F13D;
			productRefGroup = 8412CF5D1E9BDD680071F13D /* Products */;
			projectDirPath = "";
			projectRoot = "";
			targets = (
				8412CF5B1E9BDD680071F13D /* Bluetooth-Scanner */,
			);
		};
/* End PBXProject section */

/* Begin PBXResourcesBuildPhase section */
		8412CF5A1E9BDD680071F13D /* Resources */ = {
			isa = PBXResourcesBuildPhase;
			buildActionMask = 2147483647;
			files = (
				8412CF6A1E9BDD680071F13D /* LaunchScreen.storyboard in Resources */,
				8412CF671E9BDD680071F13D /* Assets.xcassets in Resources */,
				8412CF651E9BDD680071F13D /* Main.storyboard in Resources */,
			);
			runOnlyForDeploymentPostprocessing = 0;
		};
/* End PBXResourcesBuildPhase section */

/* Begin PBXSourcesBuildPhase section */
		8412CF581E9BDD680071F13D /* Sources */ = {
			isa = PBXSourcesBuildPhase;
			buildActionMask = 2147483647;
			files = (
				8412CF621E9BDD680071F13D /* MainViewController.swift in Sources */,
				8402822A1EAE5DDC00B03BC9 /* BTDevice.swift in Sources */,
				8412CF601E9BDD680071F13D /* AppDelegate.swift in Sources */,
				846640641E9BE441006AC43C /* ScanTableViewCell.swift in Sources */,
				846640621E9BE1EA006AC43C /* ScanTableViewController.swift in Sources */,
			);
			runOnlyForDeploymentPostprocessing = 0;
		};
/* End PBXSourcesBuildPhase section */

/* Begin PBXVariantGroup section */
		8412CF631E9BDD680071F13D /* Main.storyboard */ = {
			isa = PBXVariantGroup;
			children = (
				8412CF641E9BDD680071F13D /* Base */,
			);
			name = Main.storyboard;
			sourceTree = "<group>";
		};
		8412CF681E9BDD680071F13D /* LaunchScreen.storyboard */ = {
			isa = PBXVariantGroup;
			children = (
				8412CF691E9BDD680071F13D /* Base */,
			);
			name = LaunchScreen.storyboard;
			sourceTree = "<group>";
		};
/* End PBXVariantGroup section */

/* Begin XCBuildConfiguration section */
		8412CF6C1E9BDD680071F13D /* Debug */ = {
			isa = XCBuildConfiguration;
			buildSettings = {
				ALWAYS_SEARCH_USER_PATHS = NO;
				CLANG_ANALYZER_NONNULL = YES;
				CLANG_CXX_LANGUAGE_STANDARD = "gnu++0x";
				CLANG_CXX_LIBRARY = "libc++";
				CLANG_ENABLE_MODULES = YES;
				CLANG_ENABLE_OBJC_ARC = YES;
				CLANG_WARN_BOOL_CONVERSION = YES;
				CLANG_WARN_CONSTANT_CONVERSION = YES;
				CLANG_WARN_DIRECT_OBJC_ISA_USAGE = YES_ERROR;
				CLANG_WARN_DOCUMENTATION_COMMENTS = YES;
				CLANG_WARN_EMPTY_BODY = YES;
				CLANG_WARN_ENUM_CONVERSION = YES;
				CLANG_WARN_INFINITE_RECURSION = YES;
				CLANG_WARN_INT_CONVERSION = YES;
				CLANG_WARN_OBJC_ROOT_CLASS = YES_ERROR;
				CLANG_WARN_SUSPICIOUS_MOVE = YES;
				CLANG_WARN_UNREACHABLE_CODE = YES;
				CLANG_WARN__DUPLICATE_METHOD_MATCH = YES;
				"CODE_SIGN_IDENTITY[sdk=iphoneos*]" = "iPhone Developer";
				COPY_PHASE_STRIP = NO;
				DEBUG_INFORMATION_FORMAT = dwarf;
				ENABLE_STRICT_OBJC_MSGSEND = YES;
				ENABLE_TESTABILITY = YES;
				GCC_C_LANGUAGE_STANDARD = gnu99;
				GCC_DYNAMIC_NO_PIC = NO;
				GCC_NO_COMMON_BLOCKS = YES;
				GCC_OPTIMIZATION_LEVEL = 0;
				GCC_PREPROCESSOR_DEFINITIONS = (
					"DEBUG=1",
					"$(inherited)",
				);
				GCC_WARN_64_TO_32_BIT_CONVERSION = YES;
				GCC_WARN_ABOUT_RETURN_TYPE = YES_ERROR;
				GCC_WARN_UNDECLARED_SELECTOR = YES;
				GCC_WARN_UNINITIALIZED_AUTOS = YES_AGGRESSIVE;
				GCC_WARN_UNUSED_FUNCTION = YES;
				GCC_WARN_UNUSED_VARIABLE = YES;
				IPHONEOS_DEPLOYMENT_TARGET = 10.2;
				MTL_ENABLE_DEBUG_INFO = YES;
				ONLY_ACTIVE_ARCH = YES;
				SDKROOT = iphoneos;
				SWIFT_ACTIVE_COMPILATION_CONDITIONS = DEBUG;
				SWIFT_OPTIMIZATION_LEVEL = "-Onone";
			};
			name = Debug;
		};
		8412CF6D1E9BDD680071F13D /* Release */ = {
			isa = XCBuildConfiguration;
			buildSettings = {
				ALWAYS_SEARCH_USER_PATHS = NO;
				CLANG_ANALYZER_NONNULL = YES;
				CLANG_CXX_LANGUAGE_STANDARD = "gnu++0x";
				CLANG_CXX_LIBRARY = "libc++";
				CLANG_ENABLE_MODULES = YES;
				CLANG_ENABLE_OBJC_ARC = YES;
				CLANG_WARN_BOOL_CONVERSION = YES;
				CLANG_WARN_CONSTANT_CONVERSION = YES;
				CLANG_WARN_DIRECT_OBJC_ISA_USAGE = YES_ERROR;
				CLANG_WARN_DOCUMENTATION_COMMENTS = YES;
				CLANG_WARN_EMPTY_BODY = YES;
				CLANG_WARN_ENUM_CONVERSION = YES;
				CLANG_WARN_INFINITE_RECURSION = YES;
				CLANG_WARN_INT_CONVERSION = YES;
				CLANG_WARN_OBJC_ROOT_CLASS = YES_ERROR;
				CLANG_WARN_SUSPICIOUS_MOVE = YES;
				CLANG_WARN_UNREACHABLE_CODE = YES;
				CLANG_WARN__DUPLICATE_METHOD_MATCH = YES;
				"CODE_SIGN_IDENTITY[sdk=iphoneos*]" = "iPhone Developer";
				COPY_PHASE_STRIP = NO;
				DEBUG_INFORMATION_FORMAT = "dwarf-with-dsym";
				ENABLE_NS_ASSERTIONS = NO;
				ENABLE_STRICT_OBJC_MSGSEND = YES;
				GCC_C_LANGUAGE_STANDARD = gnu99;
				GCC_NO_COMMON_BLOCKS = YES;
				GCC_WARN_64_TO_32_BIT_CONVERSION = YES;
				GCC_WARN_ABOUT_RETURN_TYPE = YES_ERROR;
				GCC_WARN_UNDECLARED_SELECTOR = YES;
				GCC_WARN_UNINITIALIZED_AUTOS = YES_AGGRESSIVE;
				GCC_WARN_UNUSED_FUNCTION = YES;
				GCC_WARN_UNUSED_VARIABLE = YES;
				IPHONEOS_DEPLOYMENT_TARGET = 10.2;
				MTL_ENABLE_DEBUG_INFO = NO;
				SDKROOT = iphoneos;
				SWIFT_OPTIMIZATION_LEVEL = "-Owholemodule";
				VALIDATE_PRODUCT = YES;
			};
			name = Release;
		};
		8412CF6F1E9BDD680071F13D /* Debug */ = {
			isa = XCBuildConfiguration;
			buildSettings = {
				ASSETCATALOG_COMPILER_APPICON_NAME = AppIcon;
				DEVELOPMENT_TEAM = 6EQCYJGYNN;
				INFOPLIST_FILE = "Bluetooth-Scanner/Info.plist";
				LD_RUNPATH_SEARCH_PATHS = "$(inherited) @executable_path/Frameworks";
				PRODUCT_BUNDLE_IDENTIFIER = "de.dhbw.stuttgart.Bluetooth-Scanner";
				PRODUCT_NAME = "$(TARGET_NAME)";
				SWIFT_VERSION = 3.0;
			};
			name = Debug;
		};
		8412CF701E9BDD680071F13D /* Release */ = {
			isa = XCBuildConfiguration;
			buildSettings = {
				ASSETCATALOG_COMPILER_APPICON_NAME = AppIcon;
				DEVELOPMENT_TEAM = 6EQCYJGYNN;
				INFOPLIST_FILE = "Bluetooth-Scanner/Info.plist";
				LD_RUNPATH_SEARCH_PATHS = "$(inherited) @executable_path/Frameworks";
				PRODUCT_BUNDLE_IDENTIFIER = "de.dhbw.stuttgart.Bluetooth-Scanner";
				PRODUCT_NAME = "$(TARGET_NAME)";
				SWIFT_VERSION = 3.0;
			};
			name = Release;
		};
/* End XCBuildConfiguration section */

/* Begin XCConfigurationList section */
		8412CF571E9BDD680071F13D /* Build configuration list for PBXProject "Bluetooth-Scanner" */ = {
			isa = XCConfigurationList;
			buildConfigurations = (
				8412CF6C1E9BDD680071F13D /* Debug */,
				8412CF6D1E9BDD680071F13D /* Release */,
			);
			defaultConfigurationIsVisible = 0;
			defaultConfigurationName = Release;
		};
		8412CF6E1E9BDD680071F13D /* Build configuration list for PBXNativeTarget "Bluetooth-Scanner" */ = {
			isa = XCConfigurationList;
			buildConfigurations = (
				8412CF6F1E9BDD680071F13D /* Debug */,
				8412CF701E9BDD680071F13D /* Release */,
			);
			defaultConfigurationIsVisible = 0;
			defaultConfigurationName = Release;
		};
/* End XCConfigurationList section */
	};
	rootObject = 8412CF541E9BDD680071F13D /* Project object */;
}
